
Microsoft Visual Studio Solution File, Format Version 12.00
# Visual Studio Version 16
VisualStudioVersion = 16.0.32228.343
MinimumVisualStudioVersion = 10.0.40219.1
Project("{8BC9CEB8-8B4A-11D0-8D11-00A0C91BC942}") = "123", "123\123.vcxproj", "{05ADBEB7-7D71-4E3F-A6DA-75AF293DE5B5}"
EndProject
Global
	GlobalSection(SolutionConfigurationPlatforms) = preSolution
		Debug|x64 = Debug|x64
		Debug|x86 = Debug|x86
		Release|x64 = Release|x64
		Release|x86 = Release|x86
	EndGlobalSection
	GlobalSection(ProjectConfigurationPlatforms) = postSolution
		{05ADBEB7-7D71-4E3F-A6DA-75AF293DE5B5}.Debug|x64.ActiveCfg = Debug|x64
		{05ADBEB7-7D71-4E3F-A6DA-75AF293DE5B5}.Debug|x64.Build.0 = Debug|x64
		{05ADBEB7-7D71-4E3F-A6DA-75AF293DE5B5}.Debug|x86.ActiveCfg = Debug|Win32
		{05ADBEB7-7D71-4E3F-A6DA-75AF293DE5B5}.Debug|x86.Build.0 = Debug|Win32
		{05ADBEB7-7D71-4E3F-A6DA-75AF293DE5B5}.Release|x64.ActiveCfg = Release|x64
		{05ADBEB7-7D71-4E3F-A6DA-75AF293DE5B5}.Release|x64.Build.0 = Release|x64
		{05ADBEB7-7D71-4E3F-A6DA-75AF293DE5B5}.Release|x86.ActiveCfg = Release|Win32
		{05ADBEB7-7D71-4E3F-A6DA-75AF293DE5B5}.Release|x86.Build.0 = Release|Win32
	EndGlobalSection
	GlobalSection(SolutionProperties) = preSolution
		HideSolutionNode = FALSE
	EndGlobalSection
	GlobalSection(ExtensibilityGlobals) = postSolution
		SolutionGuid = {DCE6BCBE-7D02-46C3-97B1-FAEA5115D642}
	EndGlobalSection
EndGlobal
